
Microsoft Visual Studio Solution File, Format Version 12.00
# Visual Studio Version 17
VisualStudioVersion = 17.7.34202.233
MinimumVisualStudioVersion = 10.0.40219.1
Project("{888888A0-9F3D-457C-B088-3A5042F75D52}") = "ProyectoParadigmas", "ProyectoParadigmas\ProyectoParadigmas.pyproj", "{FFCDFB28-5F43-4859-AC6A-4967522CB44D}"
EndProject
Global
	GlobalSection(SolutionConfigurationPlatforms) = preSolution
		Debug|Any CPU = Debug|Any CPU
		Release|Any CPU = Release|Any CPU
	EndGlobalSection
	GlobalSection(ProjectConfigurationPlatforms) = postSolution
		{FFCDFB28-5F43-4859-AC6A-4967522CB44D}.Debug|Any CPU.ActiveCfg = Debug|Any CPU
		{FFCDFB28-5F43-4859-AC6A-4967522CB44D}.Release|Any CPU.ActiveCfg = Release|Any CPU
	EndGlobalSection
	GlobalSection(SolutionProperties) = preSolution
		HideSolutionNode = FALSE
	EndGlobalSection
	GlobalSection(ExtensibilityGlobals) = postSolution
		SolutionGuid = {28E3F8C7-2F84-4395-970E-878AAB3F09F9}
	EndGlobalSection
EndGlobal
